
Microsoft Visual Studio Solution File, Format Version 12.00
# Visual Studio Express 2012 for Windows Desktop
Project("{FAE04EC0-301F-11D3-BF4B-00C04F79EFBC}") = "DistributedTaskProcessing", "DistributedTaskProcessing\DistributedTaskProcessing.csproj", "{79A004A7-A4F5-4EA9-80EA-84629AE6124A}"
EndProject
Project("{FAE04EC0-301F-11D3-BF4B-00C04F79EFBC}") = "DistributedTaskProcessing.ConsoleApplication", "DistributedTaskProcessing.ConsoleApplication\DistributedTaskProcessing.ConsoleApplication.csproj", "{03CD6250-18E8-4A81-A935-FA6361B3685C}"
EndProject
Project("{FAE04EC0-301F-11D3-BF4B-00C04F79EFBC}") = "MockObjects", "MockObjects\MockObjects.csproj", "{CD7DDD79-41C0-4223-ABC7-45DE50827F66}"
EndProject
Project("{FAE04EC0-301F-11D3-BF4B-00C04F79EFBC}") = "DistributedTaskProcessing.Client", "DistributedTaskProcessing.Client\DistributedTaskProcessing.Client.csproj", "{B8E2690A-5545-42F1-BEC8-5D525A597ACB}"
EndProject
Project("{FAE04EC0-301F-11D3-BF4B-00C04F79EFBC}") = "DistributedTaskProcessing.Server", "DistributedTaskProcessing.Server\DistributedTaskProcessing.Server.csproj", "{01968500-914E-4C37-BDFF-B310E6994C71}"
EndProject
Global
	GlobalSection(SolutionConfigurationPlatforms) = preSolution
		Debug|Any CPU = Debug|Any CPU
		Release|Any CPU = Release|Any CPU
	EndGlobalSection
	GlobalSection(ProjectConfigurationPlatforms) = postSolution
		{79A004A7-A4F5-4EA9-80EA-84629AE6124A}.Debug|Any CPU.ActiveCfg = Debug|Any CPU
		{79A004A7-A4F5-4EA9-80EA-84629AE6124A}.Debug|Any CPU.Build.0 = Debug|Any CPU
		{79A004A7-A4F5-4EA9-80EA-84629AE6124A}.Release|Any CPU.ActiveCfg = Release|Any CPU
		{79A004A7-A4F5-4EA9-80EA-84629AE6124A}.Release|Any CPU.Build.0 = Release|Any CPU
		{03CD6250-18E8-4A81-A935-FA6361B3685C}.Debug|Any CPU.ActiveCfg = Debug|Any CPU
		{03CD6250-18E8-4A81-A935-FA6361B3685C}.Debug|Any CPU.Build.0 = Debug|Any CPU
		{03CD6250-18E8-4A81-A935-FA6361B3685C}.Release|Any CPU.ActiveCfg = Release|Any CPU
		{03CD6250-18E8-4A81-A935-FA6361B3685C}.Release|Any CPU.Build.0 = Release|Any CPU
		{CD7DDD79-41C0-4223-ABC7-45DE50827F66}.Debug|Any CPU.ActiveCfg = Debug|Any CPU
		{CD7DDD79-41C0-4223-ABC7-45DE50827F66}.Debug|Any CPU.Build.0 = Debug|Any CPU
		{CD7DDD79-41C0-4223-ABC7-45DE50827F66}.Release|Any CPU.ActiveCfg = Release|Any CPU
		{CD7DDD79-41C0-4223-ABC7-45DE50827F66}.Release|Any CPU.Build.0 = Release|Any CPU
		{B8E2690A-5545-42F1-BEC8-5D525A597ACB}.Debug|Any CPU.ActiveCfg = Debug|Any CPU
		{B8E2690A-5545-42F1-BEC8-5D525A597ACB}.Debug|Any CPU.Build.0 = Debug|Any CPU
		{B8E2690A-5545-42F1-BEC8-5D525A597ACB}.Release|Any CPU.ActiveCfg = Release|Any CPU
		{B8E2690A-5545-42F1-BEC8-5D525A597ACB}.Release|Any CPU.Build.0 = Release|Any CPU
		{01968500-914E-4C37-BDFF-B310E6994C71}.Debug|Any CPU.ActiveCfg = Debug|Any CPU
		{01968500-914E-4C37-BDFF-B310E6994C71}.Debug|Any CPU.Build.0 = Debug|Any CPU
		{01968500-914E-4C37-BDFF-B310E6994C71}.Release|Any CPU.ActiveCfg = Release|Any CPU
		{01968500-914E-4C37-BDFF-B310E6994C71}.Release|Any CPU.Build.0 = Release|Any CPU
	EndGlobalSection
	GlobalSection(SolutionProperties) = preSolution
		HideSolutionNode = FALSE
	EndGlobalSection
EndGlobal
